
Microsoft Visual Studio Solution File, Format Version 12.00
# Visual Studio Version 17
VisualStudioVersion = 17.1.32228.430
MinimumVisualStudioVersion = 10.0.40219.1
Project("{FAE04EC0-301F-11D3-BF4B-00C04F79EFBC}") = "Ab104-11-06-2023", "Ab104-11-06-2023\Ab104-11-06-2023.csproj", "{836F5C68-3880-4987-AD26-152F0D2B9954}"
EndProject
Global
	GlobalSection(SolutionConfigurationPlatforms) = preSolution
		Debug|Any CPU = Debug|Any CPU
		Release|Any CPU = Release|Any CPU
	EndGlobalSection
	GlobalSection(ProjectConfigurationPlatforms) = postSolution
		{836F5C68-3880-4987-AD26-152F0D2B9954}.Debug|Any CPU.ActiveCfg = Debug|Any CPU
		{836F5C68-3880-4987-AD26-152F0D2B9954}.Debug|Any CPU.Build.0 = Debug|Any CPU
		{836F5C68-3880-4987-AD26-152F0D2B9954}.Release|Any CPU.ActiveCfg = Release|Any CPU
		{836F5C68-3880-4987-AD26-152F0D2B9954}.Release|Any CPU.Build.0 = Release|Any CPU
	EndGlobalSection
	GlobalSection(SolutionProperties) = preSolution
		HideSolutionNode = FALSE
	EndGlobalSection
	GlobalSection(ExtensibilityGlobals) = postSolution
		SolutionGuid = {D481F605-D4C8-452E-9973-F5D5D6FBFE65}
	EndGlobalSection
EndGlobal
